
Microsoft Visual Studio Solution File, Format Version 12.00
# Visual Studio Version 16
VisualStudioVersion = 16.0.33214.272
MinimumVisualStudioVersion = 10.0.40219.1
Project("{FAE04EC0-301F-11D3-BF4B-00C04F79EFBC}") = "TelefonRehberr", "TelefonRehberr\TelefonRehberr.csproj", "{8795B701-EBF7-4F56-9513-1CCD75D8579F}"
EndProject
Global
	GlobalSection(SolutionConfigurationPlatforms) = preSolution
		Debug|Any CPU = Debug|Any CPU
		Release|Any CPU = Release|Any CPU
	EndGlobalSection
	GlobalSection(ProjectConfigurationPlatforms) = postSolution
		{8795B701-EBF7-4F56-9513-1CCD75D8579F}.Debug|Any CPU.ActiveCfg = Debug|Any CPU
		{8795B701-EBF7-4F56-9513-1CCD75D8579F}.Debug|Any CPU.Build.0 = Debug|Any CPU
		{8795B701-EBF7-4F56-9513-1CCD75D8579F}.Release|Any CPU.ActiveCfg = Release|Any CPU
		{8795B701-EBF7-4F56-9513-1CCD75D8579F}.Release|Any CPU.Build.0 = Release|Any CPU
	EndGlobalSection
	GlobalSection(SolutionProperties) = preSolution
		HideSolutionNode = FALSE
	EndGlobalSection
	GlobalSection(ExtensibilityGlobals) = postSolution
		SolutionGuid = {D2C09976-22D5-4E4F-828E-736C95D2BA6F}
	EndGlobalSection
EndGlobal
